
Microsoft Visual Studio Solution File, Format Version 12.00
# Visual Studio Version 16
VisualStudioVersion = 16.0.33328.57
MinimumVisualStudioVersion = 10.0.40219.1
Project("{2150E333-8FDC-42A3-9474-1A3956D46DE8}") = "TestApps", "TestApps", "{DF98C51B-2381-4870-B9D9-22CE5C7D590D}"
EndProject
Project("{FAE04EC0-301F-11D3-BF4B-00C04F79EFBC}") = "SI.PgSql.TestApp", "TestApps\SI.PgSql.TestApp\SI.PgSql.TestApp.csproj", "{E6D3C51E-33B6-42D9-8DDB-535BE91033E0}"
EndProject
Project("{FAE04EC0-301F-11D3-BF4B-00C04F79EFBC}") = "SI.Test.Entities", "TestApps\SI.Test.Entities\SI.Test.Entities.csproj", "{2AECFD86-1106-493C-92F4-55D63BD3C6BE}"
EndProject
Project("{FAE04EC0-301F-11D3-BF4B-00C04F79EFBC}") = "SI.FbirdSql.TestApp", "TestApps\SI.FbirdSql.TestApp\SI.FbirdSql.TestApp.csproj", "{BCC3174E-25B7-47D2-9544-82AFC8A44CEA}"
EndProject
Project("{FAE04EC0-301F-11D3-BF4B-00C04F79EFBC}") = "SI.SqlCE.TestApp", "TestApps\SI.SqlCE.TestApp\SI.SqlCE.TestApp.csproj", "{F18F3CC3-5D3E-4D19-8AAF-4C2B32A5EA18}"
EndProject
Project("{FAE04EC0-301F-11D3-BF4B-00C04F79EFBC}") = "SI.EntityTestConsoleApp", "TestApps\SI.EntityTestConsoleApp\SI.EntityTestConsoleApp.csproj", "{13FC75AB-FAB0-44CA-AEA5-FE39C2075D41}"
EndProject
Project("{FAE04EC0-301F-11D3-BF4B-00C04F79EFBC}") = "SI.QueryTestConsoleApp", "TestApps\SI.QueryTestConsoleApp\SI.QueryTestConsoleApp.csproj", "{616FAF68-C4A4-4690-AB54-CB169DDFE359}"
EndProject
Project("{FAE04EC0-301F-11D3-BF4B-00C04F79EFBC}") = "SI.EntityPredicateTestConsoleApp", "TestApps\SI.EntityPredicateTestConsoleApp\SI.EntityPredicateTestConsoleApp.csproj", "{2CA80D13-3CA2-4ED4-B705-5238889E5AFF}"
EndProject
Project("{9A19103F-16F7-4668-BE54-9A1E7A4F7556}") = "SI.PgSql.Std.TestApp", "TestApps\SI.PgSql.Std.TestApp\SI.PgSql.Std.TestApp.csproj", "{AA72D4B6-D07F-4FDF-948F-BE9EE54B39E1}"
EndProject
Project("{9A19103F-16F7-4668-BE54-9A1E7A4F7556}") = "SI.PgSql.Std.TestCoreWebApi", "TestApps\SI.PgSql.Std.TestCoreWebApi\SI.PgSql.Std.TestCoreWebApi.csproj", "{8E681CF8-E816-4DEF-A4BC-09681989F995}"
EndProject
Project("{2150E333-8FDC-42A3-9474-1A3956D46DE8}") = "Core", "Core", "{6C96484F-F15D-4CE7-9D49-95EFD40D85DF}"
EndProject
Project("{2150E333-8FDC-42A3-9474-1A3956D46DE8}") = "CoreStd", "CoreStd", "{236D27C5-36A6-47B7-B174-44E9CA5A8931}"
EndProject
Project("{FAE04EC0-301F-11D3-BF4B-00C04F79EFBC}") = "SI.WhereAndOrderTestConsoleApp", "TestApps\SI.WhereAndOrderTestConsoleApp\SI.WhereAndOrderTestConsoleApp.csproj", "{536FEDF1-9403-4779-B578-97A25501D6D0}"
EndProject
Project("{FAE04EC0-301F-11D3-BF4B-00C04F79EFBC}") = "BookmarksStocker", "TestApps\BookmarksStocker\BookmarksStocker.csproj", "{E5B6E7EC-7F01-42AB-B3A1-9BEE59805D37}"
EndProject
Project("{2150E333-8FDC-42A3-9474-1A3956D46DE8}") = "DataSources", "DataSources", "{46D6A213-9E3C-45C8-BB40-CC10935A896D}"
	ProjectSection(SolutionItems) = preProject
		DataSources\Bookmarks\Bookmarks.sdf = DataSources\Bookmarks\Bookmarks.sdf
	EndProjectSection
EndProject
Project("{FAE04EC0-301F-11D3-BF4B-00C04F79EFBC}") = "Simply.Common", "..\Simply\Simply.Soln\Simply\Simply.Common\Simply.Common.csproj", "{A81FF695-21AC-48C0-AA35-BA906168B95D}"
EndProject
Project("{FAE04EC0-301F-11D3-BF4B-00C04F79EFBC}") = "Simply.Data", "..\Simply\Simply.Soln\Simply\Simply.Data\Simply.Data.csproj", "{F374850B-07D2-4E3C-A3EC-BFF273DEE3C7}"
EndProject
Project("{9A19103F-16F7-4668-BE54-9A1E7A4F7556}") = "Simply.Common.Std", "..\Simply\Simply.Soln\Simply\Simply.Common.Std\Simply.Common.Std.csproj", "{1C6DB21D-840C-4701-87AF-FA06DA45DB2C}"
EndProject
Project("{9A19103F-16F7-4668-BE54-9A1E7A4F7556}") = "Simply.Data.Std", "..\Simply\Simply.Soln\Simply\Simply.Data.Std\Simply.Data.Std.csproj", "{EC709DA2-BC3C-4A18-8879-AF038A5696E3}"
EndProject
Project("{FAE04EC0-301F-11D3-BF4B-00C04F79EFBC}") = "Simply.Crud", "..\Simply.Crud\Simply.Crud.Soln\Crud\Simply.Crud\Simply.Crud.csproj", "{D8981A88-0E0C-4298-AD61-0A5775ED50A9}"
EndProject
Project("{9A19103F-16F7-4668-BE54-9A1E7A4F7556}") = "Simply.Crud.Std", "..\Simply.Crud\Simply.Crud.Soln\Crud\Simply.Crud.Std\Simply.Crud.Std.csproj", "{03F39434-3FF2-4D78-9DC8-855FA6EA5190}"
EndProject
Project("{2150E333-8FDC-42A3-9474-1A3956D46DE8}") = "CrudTestApps", "CrudTestApps", "{DC393998-B0A1-4CEB-B2A0-627891126AA8}"
EndProject
Project("{FAE04EC0-301F-11D3-BF4B-00C04F79EFBC}") = "CrudInsertConsoleApp", "CrudTestApps\CrudInsertConsoleApp\CrudInsertConsoleApp.csproj", "{06A6DACF-145E-4001-B7F7-D359086B9EA8}"
EndProject
Project("{FAE04EC0-301F-11D3-BF4B-00C04F79EFBC}") = "CrudInsertWithIdConsoleApp", "CrudTestApps\CrudInsertWithConsoleApp\CrudInsertWithIdConsoleApp.csproj", "{F6A20CA3-FD96-49D0-8D55-2D5D30F312D3}"
EndProject
Project("{FAE04EC0-301F-11D3-BF4B-00C04F79EFBC}") = "CrudUpdateConsoleApp", "CrudTestApps\CrudUpdateConsoleApp\CrudUpdateConsoleApp.csproj", "{4D2E6D92-4554-4542-B3D9-68C3EBBE4B0C}"
EndProject
Project("{FAE04EC0-301F-11D3-BF4B-00C04F79EFBC}") = "CrudDeleteConsoleApp", "CrudTestApps\CrudDeleteConsoleApp\CrudDeleteConsoleApp.csproj", "{D1954151-A18E-430C-A7E2-021AAC10F1CC}"
EndProject
Project("{2150E333-8FDC-42A3-9474-1A3956D46DE8}") = "BulkCrudTestApps", "BulkCrudTestApps", "{7733028B-195F-4149-9383-310E038F1D43}"
EndProject
Project("{FAE04EC0-301F-11D3-BF4B-00C04F79EFBC}") = "BulkDeleteConsoleApp", "BulkCrudTestApps\BulkDeleteConsoleApp\BulkDeleteConsoleApp.csproj", "{85C64F0D-DB8A-4EC3-AF1A-CFC76488BF3C}"
EndProject
Project("{FAE04EC0-301F-11D3-BF4B-00C04F79EFBC}") = "BulkInsertAndReturnIdConsoleApp", "BulkCrudTestApps\BulkInsertAndReturnIdConsoleApp\BulkInsertAndReturnIdConsoleApp.csproj", "{4D1F32AB-17B3-4C8C-89D8-88B055BE5C2F}"
EndProject
Project("{FAE04EC0-301F-11D3-BF4B-00C04F79EFBC}") = "BulkInsertConsoleApp", "BulkCrudTestApps\BulkInsertConsoleApp\BulkInsertConsoleApp.csproj", "{0CE67836-317C-49EF-9155-75D8780F7612}"
EndProject
Project("{FAE04EC0-301F-11D3-BF4B-00C04F79EFBC}") = "BulkInsertWithIdConsoleApp", "BulkCrudTestApps\BulkInsertWithConsoleApp\BulkInsertWithIdConsoleApp.csproj", "{04BC9260-F3B7-46C9-A62A-C07D7B0E4AF6}"
EndProject
Project("{FAE04EC0-301F-11D3-BF4B-00C04F79EFBC}") = "BulkUpdateConsoleApp", "BulkCrudTestApps\BulkUpdateConsoleApp\BulkUpdateConsoleApp.csproj", "{ECA12962-13BB-481D-8A2F-BBD9D672BE52}"
EndProject
Project("{2150E333-8FDC-42A3-9474-1A3956D46DE8}") = "SelectTestApps", "SelectTestApps", "{8ADEFA7D-54BC-4797-93A5-7A6C1819A3CC}"
EndProject
Project("{9A19103F-16F7-4668-BE54-9A1E7A4F7556}") = "GetDbRowOperatorTestApp", "SelectTestApps\GetDbRowOperatorTestApp\GetDbRowOperatorTestApp.csproj", "{5C7FBB98-684D-4135-A792-5C2D1A44B78E}"
EndProject
Project("{9A19103F-16F7-4668-BE54-9A1E7A4F7556}") = "GetOperatorTestApp", "SelectTestApps\GetOperatorTestApp\GetOperatorTestApp.csproj", "{55FAD10D-64AC-4BCC-A0CA-5E8EEE314973}"
EndProject
Project("{2150E333-8FDC-42A3-9474-1A3956D46DE8}") = "PartialTestApps", "PartialTestApps", "{703F09EA-8F75-4512-BE46-2FEA58F43E5C}"
EndProject
Project("{2150E333-8FDC-42A3-9474-1A3956D46DE8}") = "WhereTestApps", "WhereTestApps", "{3608D437-1A5E-45A9-B3BD-CA0614F83A5B}"
EndProject
Project("{9A19103F-16F7-4668-BE54-9A1E7A4F7556}") = "PartialDeleteOperatorTestApp", "PartialTestApps\PartialDeleteOperatorTestApp\PartialDeleteOperatorTestApp.csproj", "{58D417A8-B600-423D-A3C2-D62C0B44DA90}"
EndProject
Project("{9A19103F-16F7-4668-BE54-9A1E7A4F7556}") = "PartialInsertOperatorTestApp", "PartialTestApps\PartialInsertOperatorTestApp\PartialInsertOperatorTestApp.csproj", "{452E90B0-D143-4137-9408-816125C6ACF4}"
EndProject
Project("{9A19103F-16F7-4668-BE54-9A1E7A4F7556}") = "PartialReadOperatorTestApp", "PartialTestApps\PartialReadOperatorTestApp\PartialReadOperatorTestApp.csproj", "{E29ED12F-905B-4B0C-BE03-B2206CA0E87F}"
EndProject
Project("{9A19103F-16F7-4668-BE54-9A1E7A4F7556}") = "PartialUpdateOperatorTestApp", "PartialTestApps\PartialUpdateOperatorTestApp\PartialUpdateOperatorTestApp.csproj", "{6CCE2817-DA29-4D1D-8961-D0B800F43E24}"
EndProject
Project("{9A19103F-16F7-4668-BE54-9A1E7A4F7556}") = "PredicateOperatorTestAp", "SelectTestApps\PredicateOperatorTestAp\PredicateOperatorTestAp.csproj", "{8970F535-C7FC-448B-B2A5-7C803FE2036A}"
EndProject
Project("{9A19103F-16F7-4668-BE54-9A1E7A4F7556}") = "WhereDeleteOperatorTestapp", "WhereTestApps\WhereDeleteOperatorTestapp\WhereDeleteOperatorTestapp.csproj", "{65868697-6817-4FB7-904C-8BFF99178115}"
EndProject
Project("{9A19103F-16F7-4668-BE54-9A1E7A4F7556}") = "WhereSelectDbRowOperatorTestApp", "WhereTestApps\WhereSelectDbRowOperatorTestApp\WhereSelectDbRowOperatorTestApp.csproj", "{1A30A864-B8BD-484F-BC61-A47E216FA2DD}"
EndProject
Project("{9A19103F-16F7-4668-BE54-9A1E7A4F7556}") = "WhereSelectOperatorTestApp", "WhereTestApps\WhereSelectOperatorTestApp\WhereSelectOperatorTestApp.csproj", "{A734857E-4614-4F24-89BD-F6E4F9B26D27}"
EndProject
Project("{9A19103F-16F7-4668-BE54-9A1E7A4F7556}") = "WhereUpdateOperatorTestApp", "WhereTestApps\WhereUpdateOperatorTestApp\WhereUpdateOperatorTestApp.csproj", "{721DBE0B-DF9E-4BE9-8766-5AA3ACB9C353}"
EndProject
Project("{2150E333-8FDC-42A3-9474-1A3956D46DE8}") = "Entity", "Entity", "{DFF5F662-B7CC-4F8D-991D-F14A23699B2A}"
EndProject
Project("{FAE04EC0-301F-11D3-BF4B-00C04F79EFBC}") = "CrudInsertAndReturnIdConsoleApp", "CrudTestApps\CrudInsertAndReturnIdConsoleApp\CrudInsertAndReturnIdConsoleApp.csproj", "{5295B36F-E4C4-44DB-9EE2-7287C6BB74CC}"
EndProject
Project("{FAE04EC0-301F-11D3-BF4B-00C04F79EFBC}") = "SimplyCrud.Project.Entites", "Entity\SimplyCrud.Project.Entites\SimplyCrud.Project.Entites.csproj", "{DB31F005-317B-4382-AEB6-0AD9CA927B9C}"
EndProject
Project("{FAE04EC0-301F-11D3-BF4B-00C04F79EFBC}") = "SimplyCrud_TestDb_MySql", "Databases\SimplyCrud_TestDb_MySql\SimplyCrud_TestDb_MySql.csproj", "{D344ADA8-60BE-4416-BBBD-6BB54E6690C1}"
EndProject
Project("{2150E333-8FDC-42A3-9474-1A3956D46DE8}") = "Databases", "Databases", "{D5F5D405-386F-4B6B-984D-CE207221EA89}"
EndProject
Project("{FAE04EC0-301F-11D3-BF4B-00C04F79EFBC}") = "SimplyCrud_TestDb_PostgreSql", "Databases\SimplyCrud_TestDb_PostgreSql\SimplyCrud_TestDb_PostgreSql.csproj", "{E4A65C55-CFCD-49AE-A728-8662AF06BB4F}"
EndProject
Project("{FAE04EC0-301F-11D3-BF4B-00C04F79EFBC}") = "SimplyCrud_TestDb_SQLite", "Databases\SimplyCrud_TestDb_SQLite\SimplyCrud_TestDb_SQLite.csproj", "{824B23CC-67A0-402B-A1A7-7CC72D23E725}"
EndProject
Project("{FAE04EC0-301F-11D3-BF4B-00C04F79EFBC}") = "SI.SQLite.TestApp", "TestApps\SI.SQLite.TestApp\SI.SQLite.TestApp.csproj", "{401DE2E9-7C78-4A5B-9AAD-BBFDC52FAF67}"
EndProject
Global
	GlobalSection(SolutionConfigurationPlatforms) = preSolution
		Debug|Any CPU = Debug|Any CPU
		Release|Any CPU = Release|Any CPU
	EndGlobalSection
	GlobalSection(ProjectConfigurationPlatforms) = postSolution
		{E6D3C51E-33B6-42D9-8DDB-535BE91033E0}.Debug|Any CPU.ActiveCfg = Debug|Any CPU
		{E6D3C51E-33B6-42D9-8DDB-535BE91033E0}.Debug|Any CPU.Build.0 = Debug|Any CPU
		{E6D3C51E-33B6-42D9-8DDB-535BE91033E0}.Release|Any CPU.ActiveCfg = Release|Any CPU
		{E6D3C51E-33B6-42D9-8DDB-535BE91033E0}.Release|Any CPU.Build.0 = Release|Any CPU
		{2AECFD86-1106-493C-92F4-55D63BD3C6BE}.Debug|Any CPU.ActiveCfg = Debug|Any CPU
		{2AECFD86-1106-493C-92F4-55D63BD3C6BE}.Debug|Any CPU.Build.0 = Debug|Any CPU
		{2AECFD86-1106-493C-92F4-55D63BD3C6BE}.Release|Any CPU.ActiveCfg = Release|Any CPU
		{2AECFD86-1106-493C-92F4-55D63BD3C6BE}.Release|Any CPU.Build.0 = Release|Any CPU
		{BCC3174E-25B7-47D2-9544-82AFC8A44CEA}.Debug|Any CPU.ActiveCfg = Debug|Any CPU
		{BCC3174E-25B7-47D2-9544-82AFC8A44CEA}.Debug|Any CPU.Build.0 = Debug|Any CPU
		{BCC3174E-25B7-47D2-9544-82AFC8A44CEA}.Release|Any CPU.ActiveCfg = Release|Any CPU
		{BCC3174E-25B7-47D2-9544-82AFC8A44CEA}.Release|Any CPU.Build.0 = Release|Any CPU
		{F18F3CC3-5D3E-4D19-8AAF-4C2B32A5EA18}.Debug|Any CPU.ActiveCfg = Debug|Any CPU
		{F18F3CC3-5D3E-4D19-8AAF-4C2B32A5EA18}.Debug|Any CPU.Build.0 = Debug|Any CPU
		{F18F3CC3-5D3E-4D19-8AAF-4C2B32A5EA18}.Release|Any CPU.ActiveCfg = Release|Any CPU
		{F18F3CC3-5D3E-4D19-8AAF-4C2B32A5EA18}.Release|Any CPU.Build.0 = Release|Any CPU
		{13FC75AB-FAB0-44CA-AEA5-FE39C2075D41}.Debug|Any CPU.ActiveCfg = Debug|Any CPU
		{13FC75AB-FAB0-44CA-AEA5-FE39C2075D41}.Debug|Any CPU.Build.0 = Debug|Any CPU
		{13FC75AB-FAB0-44CA-AEA5-FE39C2075D41}.Release|Any CPU.ActiveCfg = Release|Any CPU
		{13FC75AB-FAB0-44CA-AEA5-FE39C2075D41}.Release|Any CPU.Build.0 = Release|Any CPU
		{616FAF68-C4A4-4690-AB54-CB169DDFE359}.Debug|Any CPU.ActiveCfg = Debug|Any CPU
		{616FAF68-C4A4-4690-AB54-CB169DDFE359}.Debug|Any CPU.Build.0 = Debug|Any CPU
		{616FAF68-C4A4-4690-AB54-CB169DDFE359}.Release|Any CPU.ActiveCfg = Release|Any CPU
		{616FAF68-C4A4-4690-AB54-CB169DDFE359}.Release|Any CPU.Build.0 = Release|Any CPU
		{2CA80D13-3CA2-4ED4-B705-5238889E5AFF}.Debug|Any CPU.ActiveCfg = Debug|Any CPU
		{2CA80D13-3CA2-4ED4-B705-5238889E5AFF}.Debug|Any CPU.Build.0 = Debug|Any CPU
		{2CA80D13-3CA2-4ED4-B705-5238889E5AFF}.Release|Any CPU.ActiveCfg = Release|Any CPU
		{2CA80D13-3CA2-4ED4-B705-5238889E5AFF}.Release|Any CPU.Build.0 = Release|Any CPU
		{AA72D4B6-D07F-4FDF-948F-BE9EE54B39E1}.Debug|Any CPU.ActiveCfg = Debug|Any CPU
		{AA72D4B6-D07F-4FDF-948F-BE9EE54B39E1}.Debug|Any CPU.Build.0 = Debug|Any CPU
		{AA72D4B6-D07F-4FDF-948F-BE9EE54B39E1}.Release|Any CPU.ActiveCfg = Release|Any CPU
		{AA72D4B6-D07F-4FDF-948F-BE9EE54B39E1}.Release|Any CPU.Build.0 = Release|Any CPU
		{8E681CF8-E816-4DEF-A4BC-09681989F995}.Debug|Any CPU.ActiveCfg = Debug|Any CPU
		{8E681CF8-E816-4DEF-A4BC-09681989F995}.Debug|Any CPU.Build.0 = Debug|Any CPU
		{8E681CF8-E816-4DEF-A4BC-09681989F995}.Release|Any CPU.ActiveCfg = Release|Any CPU
		{8E681CF8-E816-4DEF-A4BC-09681989F995}.Release|Any CPU.Build.0 = Release|Any CPU
		{536FEDF1-9403-4779-B578-97A25501D6D0}.Debug|Any CPU.ActiveCfg = Debug|Any CPU
		{536FEDF1-9403-4779-B578-97A25501D6D0}.Debug|Any CPU.Build.0 = Debug|Any CPU
		{536FEDF1-9403-4779-B578-97A25501D6D0}.Release|Any CPU.ActiveCfg = Release|Any CPU
		{536FEDF1-9403-4779-B578-97A25501D6D0}.Release|Any CPU.Build.0 = Release|Any CPU
		{E5B6E7EC-7F01-42AB-B3A1-9BEE59805D37}.Debug|Any CPU.ActiveCfg = Debug|Any CPU
		{E5B6E7EC-7F01-42AB-B3A1-9BEE59805D37}.Debug|Any CPU.Build.0 = Debug|Any CPU
		{E5B6E7EC-7F01-42AB-B3A1-9BEE59805D37}.Release|Any CPU.ActiveCfg = Release|Any CPU
		{E5B6E7EC-7F01-42AB-B3A1-9BEE59805D37}.Release|Any CPU.Build.0 = Release|Any CPU
		{A81FF695-21AC-48C0-AA35-BA906168B95D}.Debug|Any CPU.ActiveCfg = Debug|Any CPU
		{A81FF695-21AC-48C0-AA35-BA906168B95D}.Debug|Any CPU.Build.0 = Debug|Any CPU
		{A81FF695-21AC-48C0-AA35-BA906168B95D}.Release|Any CPU.ActiveCfg = Release|Any CPU
		{A81FF695-21AC-48C0-AA35-BA906168B95D}.Release|Any CPU.Build.0 = Release|Any CPU
		{F374850B-07D2-4E3C-A3EC-BFF273DEE3C7}.Debug|Any CPU.ActiveCfg = Debug|Any CPU
		{F374850B-07D2-4E3C-A3EC-BFF273DEE3C7}.Debug|Any CPU.Build.0 = Debug|Any CPU
		{F374850B-07D2-4E3C-A3EC-BFF273DEE3C7}.Release|Any CPU.ActiveCfg = Release|Any CPU
		{F374850B-07D2-4E3C-A3EC-BFF273DEE3C7}.Release|Any CPU.Build.0 = Release|Any CPU
		{1C6DB21D-840C-4701-87AF-FA06DA45DB2C}.Debug|Any CPU.ActiveCfg = Debug|Any CPU
		{1C6DB21D-840C-4701-87AF-FA06DA45DB2C}.Debug|Any CPU.Build.0 = Debug|Any CPU
		{1C6DB21D-840C-4701-87AF-FA06DA45DB2C}.Release|Any CPU.ActiveCfg = Release|Any CPU
		{1C6DB21D-840C-4701-87AF-FA06DA45DB2C}.Release|Any CPU.Build.0 = Release|Any CPU
		{EC709DA2-BC3C-4A18-8879-AF038A5696E3}.Debug|Any CPU.ActiveCfg = Debug|Any CPU
		{EC709DA2-BC3C-4A18-8879-AF038A5696E3}.Debug|Any CPU.Build.0 = Debug|Any CPU
		{EC709DA2-BC3C-4A18-8879-AF038A5696E3}.Release|Any CPU.ActiveCfg = Release|Any CPU
		{EC709DA2-BC3C-4A18-8879-AF038A5696E3}.Release|Any CPU.Build.0 = Release|Any CPU
		{D8981A88-0E0C-4298-AD61-0A5775ED50A9}.Debug|Any CPU.ActiveCfg = Debug|Any CPU
		{D8981A88-0E0C-4298-AD61-0A5775ED50A9}.Debug|Any CPU.Build.0 = Debug|Any CPU
		{D8981A88-0E0C-4298-AD61-0A5775ED50A9}.Release|Any CPU.ActiveCfg = Release|Any CPU
		{D8981A88-0E0C-4298-AD61-0A5775ED50A9}.Release|Any CPU.Build.0 = Release|Any CPU
		{03F39434-3FF2-4D78-9DC8-855FA6EA5190}.Debug|Any CPU.ActiveCfg = Debug|Any CPU
		{03F39434-3FF2-4D78-9DC8-855FA6EA5190}.Debug|Any CPU.Build.0 = Debug|Any CPU
		{03F39434-3FF2-4D78-9DC8-855FA6EA5190}.Release|Any CPU.ActiveCfg = Release|Any CPU
		{03F39434-3FF2-4D78-9DC8-855FA6EA5190}.Release|Any CPU.Build.0 = Release|Any CPU
		{06A6DACF-145E-4001-B7F7-D359086B9EA8}.Debug|Any CPU.ActiveCfg = Debug|Any CPU
		{06A6DACF-145E-4001-B7F7-D359086B9EA8}.Debug|Any CPU.Build.0 = Debug|Any CPU
		{06A6DACF-145E-4001-B7F7-D359086B9EA8}.Release|Any CPU.ActiveCfg = Release|Any CPU
		{06A6DACF-145E-4001-B7F7-D359086B9EA8}.Release|Any CPU.Build.0 = Release|Any CPU
		{F6A20CA3-FD96-49D0-8D55-2D5D30F312D3}.Debug|Any CPU.ActiveCfg = Debug|Any CPU
		{F6A20CA3-FD96-49D0-8D55-2D5D30F312D3}.Debug|Any CPU.Build.0 = Debug|Any CPU
		{F6A20CA3-FD96-49D0-8D55-2D5D30F312D3}.Release|Any CPU.ActiveCfg = Release|Any CPU
		{F6A20CA3-FD96-49D0-8D55-2D5D30F312D3}.Release|Any CPU.Build.0 = Release|Any CPU
		{4D2E6D92-4554-4542-B3D9-68C3EBBE4B0C}.Debug|Any CPU.ActiveCfg = Debug|Any CPU
		{4D2E6D92-4554-4542-B3D9-68C3EBBE4B0C}.Debug|Any CPU.Build.0 = Debug|Any CPU
		{4D2E6D92-4554-4542-B3D9-68C3EBBE4B0C}.Release|Any CPU.ActiveCfg = Release|Any CPU
		{4D2E6D92-4554-4542-B3D9-68C3EBBE4B0C}.Release|Any CPU.Build.0 = Release|Any CPU
		{D1954151-A18E-430C-A7E2-021AAC10F1CC}.Debug|Any CPU.ActiveCfg = Debug|Any CPU
		{D1954151-A18E-430C-A7E2-021AAC10F1CC}.Debug|Any CPU.Build.0 = Debug|Any CPU
		{D1954151-A18E-430C-A7E2-021AAC10F1CC}.Release|Any CPU.ActiveCfg = Release|Any CPU
		{D1954151-A18E-430C-A7E2-021AAC10F1CC}.Release|Any CPU.Build.0 = Release|Any CPU
		{85C64F0D-DB8A-4EC3-AF1A-CFC76488BF3C}.Debug|Any CPU.ActiveCfg = Debug|Any CPU
		{85C64F0D-DB8A-4EC3-AF1A-CFC76488BF3C}.Debug|Any CPU.Build.0 = Debug|Any CPU
		{85C64F0D-DB8A-4EC3-AF1A-CFC76488BF3C}.Release|Any CPU.ActiveCfg = Release|Any CPU
		{85C64F0D-DB8A-4EC3-AF1A-CFC76488BF3C}.Release|Any CPU.Build.0 = Release|Any CPU
		{4D1F32AB-17B3-4C8C-89D8-88B055BE5C2F}.Debug|Any CPU.ActiveCfg = Debug|Any CPU
		{4D1F32AB-17B3-4C8C-89D8-88B055BE5C2F}.Debug|Any CPU.Build.0 = Debug|Any CPU
		{4D1F32AB-17B3-4C8C-89D8-88B055BE5C2F}.Release|Any CPU.ActiveCfg = Release|Any CPU
		{4D1F32AB-17B3-4C8C-89D8-88B055BE5C2F}.Release|Any CPU.Build.0 = Release|Any CPU
		{0CE67836-317C-49EF-9155-75D8780F7612}.Debug|Any CPU.ActiveCfg = Debug|Any CPU
		{0CE67836-317C-49EF-9155-75D8780F7612}.Debug|Any CPU.Build.0 = Debug|Any CPU
		{0CE67836-317C-49EF-9155-75D8780F7612}.Release|Any CPU.ActiveCfg = Release|Any CPU
		{0CE67836-317C-49EF-9155-75D8780F7612}.Release|Any CPU.Build.0 = Release|Any CPU
		{04BC9260-F3B7-46C9-A62A-C07D7B0E4AF6}.Debug|Any CPU.ActiveCfg = Debug|Any CPU
		{04BC9260-F3B7-46C9-A62A-C07D7B0E4AF6}.Debug|Any CPU.Build.0 = Debug|Any CPU
		{04BC9260-F3B7-46C9-A62A-C07D7B0E4AF6}.Release|Any CPU.ActiveCfg = Release|Any CPU
		{04BC9260-F3B7-46C9-A62A-C07D7B0E4AF6}.Release|Any CPU.Build.0 = Release|Any CPU
		{ECA12962-13BB-481D-8A2F-BBD9D672BE52}.Debug|Any CPU.ActiveCfg = Debug|Any CPU
		{ECA12962-13BB-481D-8A2F-BBD9D672BE52}.Debug|Any CPU.Build.0 = Debug|Any CPU
		{ECA12962-13BB-481D-8A2F-BBD9D672BE52}.Release|Any CPU.ActiveCfg = Release|Any CPU
		{ECA12962-13BB-481D-8A2F-BBD9D672BE52}.Release|Any CPU.Build.0 = Release|Any CPU
		{5C7FBB98-684D-4135-A792-5C2D1A44B78E}.Debug|Any CPU.ActiveCfg = Debug|Any CPU
		{5C7FBB98-684D-4135-A792-5C2D1A44B78E}.Debug|Any CPU.Build.0 = Debug|Any CPU
		{5C7FBB98-684D-4135-A792-5C2D1A44B78E}.Release|Any CPU.ActiveCfg = Release|Any CPU
		{5C7FBB98-684D-4135-A792-5C2D1A44B78E}.Release|Any CPU.Build.0 = Release|Any CPU
		{55FAD10D-64AC-4BCC-A0CA-5E8EEE314973}.Debug|Any CPU.ActiveCfg = Debug|Any CPU
		{55FAD10D-64AC-4BCC-A0CA-5E8EEE314973}.Debug|Any CPU.Build.0 = Debug|Any CPU
		{55FAD10D-64AC-4BCC-A0CA-5E8EEE314973}.Release|Any CPU.ActiveCfg = Release|Any CPU
		{55FAD10D-64AC-4BCC-A0CA-5E8EEE314973}.Release|Any CPU.Build.0 = Release|Any CPU
		{58D417A8-B600-423D-A3C2-D62C0B44DA90}.Debug|Any CPU.ActiveCfg = Debug|Any CPU
		{58D417A8-B600-423D-A3C2-D62C0B44DA90}.Debug|Any CPU.Build.0 = Debug|Any CPU
		{58D417A8-B600-423D-A3C2-D62C0B44DA90}.Release|Any CPU.ActiveCfg = Release|Any CPU
		{58D417A8-B600-423D-A3C2-D62C0B44DA90}.Release|Any CPU.Build.0 = Release|Any CPU
		{452E90B0-D143-4137-9408-816125C6ACF4}.Debug|Any CPU.ActiveCfg = Debug|Any CPU
		{452E90B0-D143-4137-9408-816125C6ACF4}.Debug|Any CPU.Build.0 = Debug|Any CPU
		{452E90B0-D143-4137-9408-816125C6ACF4}.Release|Any CPU.ActiveCfg = Release|Any CPU
		{452E90B0-D143-4137-9408-816125C6ACF4}.Release|Any CPU.Build.0 = Release|Any CPU
		{E29ED12F-905B-4B0C-BE03-B2206CA0E87F}.Debug|Any CPU.ActiveCfg = Debug|Any CPU
		{E29ED12F-905B-4B0C-BE03-B2206CA0E87F}.Debug|Any CPU.Build.0 = Debug|Any CPU
		{E29ED12F-905B-4B0C-BE03-B2206CA0E87F}.Release|Any CPU.ActiveCfg = Release|Any CPU
		{E29ED12F-905B-4B0C-BE03-B2206CA0E87F}.Release|Any CPU.Build.0 = Release|Any CPU
		{6CCE2817-DA29-4D1D-8961-D0B800F43E24}.Debug|Any CPU.ActiveCfg = Debug|Any CPU
		{6CCE2817-DA29-4D1D-8961-D0B800F43E24}.Debug|Any CPU.Build.0 = Debug|Any CPU
		{6CCE2817-DA29-4D1D-8961-D0B800F43E24}.Release|Any CPU.ActiveCfg = Release|Any CPU
		{6CCE2817-DA29-4D1D-8961-D0B800F43E24}.Release|Any CPU.Build.0 = Release|Any CPU
		{8970F535-C7FC-448B-B2A5-7C803FE2036A}.Debug|Any CPU.ActiveCfg = Debug|Any CPU
		{8970F535-C7FC-448B-B2A5-7C803FE2036A}.Debug|Any CPU.Build.0 = Debug|Any CPU
		{8970F535-C7FC-448B-B2A5-7C803FE2036A}.Release|Any CPU.ActiveCfg = Release|Any CPU
		{8970F535-C7FC-448B-B2A5-7C803FE2036A}.Release|Any CPU.Build.0 = Release|Any CPU
		{65868697-6817-4FB7-904C-8BFF99178115}.Debug|Any CPU.ActiveCfg = Debug|Any CPU
		{65868697-6817-4FB7-904C-8BFF99178115}.Debug|Any CPU.Build.0 = Debug|Any CPU
		{65868697-6817-4FB7-904C-8BFF99178115}.Release|Any CPU.ActiveCfg = Release|Any CPU
		{65868697-6817-4FB7-904C-8BFF99178115}.Release|Any CPU.Build.0 = Release|Any CPU
		{1A30A864-B8BD-484F-BC61-A47E216FA2DD}.Debug|Any CPU.ActiveCfg = Debug|Any CPU
		{1A30A864-B8BD-484F-BC61-A47E216FA2DD}.Debug|Any CPU.Build.0 = Debug|Any CPU
		{1A30A864-B8BD-484F-BC61-A47E216FA2DD}.Release|Any CPU.ActiveCfg = Release|Any CPU
		{1A30A864-B8BD-484F-BC61-A47E216FA2DD}.Release|Any CPU.Build.0 = Release|Any CPU
		{A734857E-4614-4F24-89BD-F6E4F9B26D27}.Debug|Any CPU.ActiveCfg = Debug|Any CPU
		{A734857E-4614-4F24-89BD-F6E4F9B26D27}.Debug|Any CPU.Build.0 = Debug|Any CPU
		{A734857E-4614-4F24-89BD-F6E4F9B26D27}.Release|Any CPU.ActiveCfg = Release|Any CPU
		{A734857E-4614-4F24-89BD-F6E4F9B26D27}.Release|Any CPU.Build.0 = Release|Any CPU
		{721DBE0B-DF9E-4BE9-8766-5AA3ACB9C353}.Debug|Any CPU.ActiveCfg = Debug|Any CPU
		{721DBE0B-DF9E-4BE9-8766-5AA3ACB9C353}.Debug|Any CPU.Build.0 = Debug|Any CPU
		{721DBE0B-DF9E-4BE9-8766-5AA3ACB9C353}.Release|Any CPU.ActiveCfg = Release|Any CPU
		{721DBE0B-DF9E-4BE9-8766-5AA3ACB9C353}.Release|Any CPU.Build.0 = Release|Any CPU
		{5295B36F-E4C4-44DB-9EE2-7287C6BB74CC}.Debug|Any CPU.ActiveCfg = Debug|Any CPU
		{5295B36F-E4C4-44DB-9EE2-7287C6BB74CC}.Debug|Any CPU.Build.0 = Debug|Any CPU
		{5295B36F-E4C4-44DB-9EE2-7287C6BB74CC}.Release|Any CPU.ActiveCfg = Release|Any CPU
		{5295B36F-E4C4-44DB-9EE2-7287C6BB74CC}.Release|Any CPU.Build.0 = Release|Any CPU
		{DB31F005-317B-4382-AEB6-0AD9CA927B9C}.Debug|Any CPU.ActiveCfg = Debug|Any CPU
		{DB31F005-317B-4382-AEB6-0AD9CA927B9C}.Debug|Any CPU.Build.0 = Debug|Any CPU
		{DB31F005-317B-4382-AEB6-0AD9CA927B9C}.Release|Any CPU.ActiveCfg = Release|Any CPU
		{DB31F005-317B-4382-AEB6-0AD9CA927B9C}.Release|Any CPU.Build.0 = Release|Any CPU
		{D344ADA8-60BE-4416-BBBD-6BB54E6690C1}.Debug|Any CPU.ActiveCfg = Debug|Any CPU
		{D344ADA8-60BE-4416-BBBD-6BB54E6690C1}.Debug|Any CPU.Build.0 = Debug|Any CPU
		{D344ADA8-60BE-4416-BBBD-6BB54E6690C1}.Release|Any CPU.ActiveCfg = Release|Any CPU
		{D344ADA8-60BE-4416-BBBD-6BB54E6690C1}.Release|Any CPU.Build.0 = Release|Any CPU
		{E4A65C55-CFCD-49AE-A728-8662AF06BB4F}.Debug|Any CPU.ActiveCfg = Debug|Any CPU
		{E4A65C55-CFCD-49AE-A728-8662AF06BB4F}.Debug|Any CPU.Build.0 = Debug|Any CPU
		{E4A65C55-CFCD-49AE-A728-8662AF06BB4F}.Release|Any CPU.ActiveCfg = Release|Any CPU
		{E4A65C55-CFCD-49AE-A728-8662AF06BB4F}.Release|Any CPU.Build.0 = Release|Any CPU
		{824B23CC-67A0-402B-A1A7-7CC72D23E725}.Debug|Any CPU.ActiveCfg = Debug|Any CPU
		{824B23CC-67A0-402B-A1A7-7CC72D23E725}.Debug|Any CPU.Build.0 = Debug|Any CPU
		{824B23CC-67A0-402B-A1A7-7CC72D23E725}.Release|Any CPU.ActiveCfg = Release|Any CPU
		{824B23CC-67A0-402B-A1A7-7CC72D23E725}.Release|Any CPU.Build.0 = Release|Any CPU
		{401DE2E9-7C78-4A5B-9AAD-BBFDC52FAF67}.Debug|Any CPU.ActiveCfg = Debug|Any CPU
		{401DE2E9-7C78-4A5B-9AAD-BBFDC52FAF67}.Debug|Any CPU.Build.0 = Debug|Any CPU
		{401DE2E9-7C78-4A5B-9AAD-BBFDC52FAF67}.Release|Any CPU.ActiveCfg = Release|Any CPU
		{401DE2E9-7C78-4A5B-9AAD-BBFDC52FAF67}.Release|Any CPU.Build.0 = Release|Any CPU
	EndGlobalSection
	GlobalSection(SolutionProperties) = preSolution
		HideSolutionNode = FALSE
	EndGlobalSection
	GlobalSection(NestedProjects) = preSolution
		{E6D3C51E-33B6-42D9-8DDB-535BE91033E0} = {DF98C51B-2381-4870-B9D9-22CE5C7D590D}
		{2AECFD86-1106-493C-92F4-55D63BD3C6BE} = {DF98C51B-2381-4870-B9D9-22CE5C7D590D}
		{BCC3174E-25B7-47D2-9544-82AFC8A44CEA} = {DF98C51B-2381-4870-B9D9-22CE5C7D590D}
		{F18F3CC3-5D3E-4D19-8AAF-4C2B32A5EA18} = {DF98C51B-2381-4870-B9D9-22CE5C7D590D}
		{13FC75AB-FAB0-44CA-AEA5-FE39C2075D41} = {DF98C51B-2381-4870-B9D9-22CE5C7D590D}
		{616FAF68-C4A4-4690-AB54-CB169DDFE359} = {DF98C51B-2381-4870-B9D9-22CE5C7D590D}
		{2CA80D13-3CA2-4ED4-B705-5238889E5AFF} = {DF98C51B-2381-4870-B9D9-22CE5C7D590D}
		{AA72D4B6-D07F-4FDF-948F-BE9EE54B39E1} = {DF98C51B-2381-4870-B9D9-22CE5C7D590D}
		{8E681CF8-E816-4DEF-A4BC-09681989F995} = {DF98C51B-2381-4870-B9D9-22CE5C7D590D}
		{536FEDF1-9403-4779-B578-97A25501D6D0} = {DF98C51B-2381-4870-B9D9-22CE5C7D590D}
		{E5B6E7EC-7F01-42AB-B3A1-9BEE59805D37} = {DF98C51B-2381-4870-B9D9-22CE5C7D590D}
		{A81FF695-21AC-48C0-AA35-BA906168B95D} = {6C96484F-F15D-4CE7-9D49-95EFD40D85DF}
		{F374850B-07D2-4E3C-A3EC-BFF273DEE3C7} = {6C96484F-F15D-4CE7-9D49-95EFD40D85DF}
		{1C6DB21D-840C-4701-87AF-FA06DA45DB2C} = {236D27C5-36A6-47B7-B174-44E9CA5A8931}
		{EC709DA2-BC3C-4A18-8879-AF038A5696E3} = {236D27C5-36A6-47B7-B174-44E9CA5A8931}
		{06A6DACF-145E-4001-B7F7-D359086B9EA8} = {DC393998-B0A1-4CEB-B2A0-627891126AA8}
		{F6A20CA3-FD96-49D0-8D55-2D5D30F312D3} = {DC393998-B0A1-4CEB-B2A0-627891126AA8}
		{4D2E6D92-4554-4542-B3D9-68C3EBBE4B0C} = {DC393998-B0A1-4CEB-B2A0-627891126AA8}
		{D1954151-A18E-430C-A7E2-021AAC10F1CC} = {DC393998-B0A1-4CEB-B2A0-627891126AA8}
		{85C64F0D-DB8A-4EC3-AF1A-CFC76488BF3C} = {7733028B-195F-4149-9383-310E038F1D43}
		{4D1F32AB-17B3-4C8C-89D8-88B055BE5C2F} = {7733028B-195F-4149-9383-310E038F1D43}
		{0CE67836-317C-49EF-9155-75D8780F7612} = {7733028B-195F-4149-9383-310E038F1D43}
		{04BC9260-F3B7-46C9-A62A-C07D7B0E4AF6} = {7733028B-195F-4149-9383-310E038F1D43}
		{ECA12962-13BB-481D-8A2F-BBD9D672BE52} = {7733028B-195F-4149-9383-310E038F1D43}
		{5C7FBB98-684D-4135-A792-5C2D1A44B78E} = {8ADEFA7D-54BC-4797-93A5-7A6C1819A3CC}
		{55FAD10D-64AC-4BCC-A0CA-5E8EEE314973} = {8ADEFA7D-54BC-4797-93A5-7A6C1819A3CC}
		{58D417A8-B600-423D-A3C2-D62C0B44DA90} = {703F09EA-8F75-4512-BE46-2FEA58F43E5C}
		{452E90B0-D143-4137-9408-816125C6ACF4} = {703F09EA-8F75-4512-BE46-2FEA58F43E5C}
		{E29ED12F-905B-4B0C-BE03-B2206CA0E87F} = {703F09EA-8F75-4512-BE46-2FEA58F43E5C}
		{6CCE2817-DA29-4D1D-8961-D0B800F43E24} = {703F09EA-8F75-4512-BE46-2FEA58F43E5C}
		{8970F535-C7FC-448B-B2A5-7C803FE2036A} = {8ADEFA7D-54BC-4797-93A5-7A6C1819A3CC}
		{65868697-6817-4FB7-904C-8BFF99178115} = {3608D437-1A5E-45A9-B3BD-CA0614F83A5B}
		{1A30A864-B8BD-484F-BC61-A47E216FA2DD} = {3608D437-1A5E-45A9-B3BD-CA0614F83A5B}
		{A734857E-4614-4F24-89BD-F6E4F9B26D27} = {3608D437-1A5E-45A9-B3BD-CA0614F83A5B}
		{721DBE0B-DF9E-4BE9-8766-5AA3ACB9C353} = {3608D437-1A5E-45A9-B3BD-CA0614F83A5B}
		{5295B36F-E4C4-44DB-9EE2-7287C6BB74CC} = {DC393998-B0A1-4CEB-B2A0-627891126AA8}
		{DB31F005-317B-4382-AEB6-0AD9CA927B9C} = {DFF5F662-B7CC-4F8D-991D-F14A23699B2A}
		{D344ADA8-60BE-4416-BBBD-6BB54E6690C1} = {D5F5D405-386F-4B6B-984D-CE207221EA89}
		{E4A65C55-CFCD-49AE-A728-8662AF06BB4F} = {D5F5D405-386F-4B6B-984D-CE207221EA89}
		{824B23CC-67A0-402B-A1A7-7CC72D23E725} = {D5F5D405-386F-4B6B-984D-CE207221EA89}
		{401DE2E9-7C78-4A5B-9AAD-BBFDC52FAF67} = {DF98C51B-2381-4870-B9D9-22CE5C7D590D}
	EndGlobalSection
	GlobalSection(ExtensibilityGlobals) = postSolution
		SolutionGuid = {2133F4DE-060E-4478-BD6F-7626ED3D1888}
	EndGlobalSection
EndGlobal
